
Microsoft Visual Studio Solution File, Format Version 12.00
# Visual Studio Version 17
VisualStudioVersion = 17.2.32516.85
MinimumVisualStudioVersion = 10.0.40219.1
Project("{2150E333-8FDC-42A3-9474-1A3956D46DE8}") = "Common", "Common", "{B1AA77DE-36D3-42BA-97DB-3146959F4E09}"
EndProject
Project("{9A19103F-16F7-4668-BE54-9A1E7A4F7556}") = "NoDb.Data.Domain", "Data\NoDb.Data.Domain\NoDb.Data.Domain.csproj", "{C5C74DD7-3298-4B91-87C6-BD371A39C88E}"
EndProject
Project("{9A19103F-16F7-4668-BE54-9A1E7A4F7556}") = "NoDb.Business.Service", "Business\NoDb.Business.Service\NoDb.Business.Service.csproj", "{A6D6D6BC-C24E-4C7F-8782-C426AA20C258}"
EndProject
Project("{9A19103F-16F7-4668-BE54-9A1E7A4F7556}") = "NoDb.Apps.UI", "Application\NoDb.Apps.UI\NoDb.Apps.UI.csproj", "{E13D89E0-36BB-4A56-ACCD-E2D8993D77E2}"
EndProject
Project("{9A19103F-16F7-4668-BE54-9A1E7A4F7556}") = "CoreCommon.Data.EntityFrameworkBase", "..\dotnet-core-common\CoreCommon.Data.EntityFrameworkBase\CoreCommon.Data.EntityFrameworkBase.csproj", "{229AB804-E95E-414E-B3E9-279712AF9A03}"
EndProject
Project("{9A19103F-16F7-4668-BE54-9A1E7A4F7556}") = "CoreCommon.Data.Domain", "..\dotnet-core-common\CoreCommon.Data.Domain\CoreCommon.Data.Domain.csproj", "{A47AB09E-0C11-48CF-A82C-DFDC6A50EEDF}"
EndProject
Project("{9A19103F-16F7-4668-BE54-9A1E7A4F7556}") = "CoreCommon.Infrastructure", "..\dotnet-core-common\CoreCommon.Infrastructure\CoreCommon.Infrastructure.csproj", "{44B815F7-A102-427F-AD4D-0AD4CB1E75D3}"
EndProject
Global
	GlobalSection(SolutionConfigurationPlatforms) = preSolution
		Debug|Any CPU = Debug|Any CPU
		Release|Any CPU = Release|Any CPU
	EndGlobalSection
	GlobalSection(ProjectConfigurationPlatforms) = postSolution
		{C5C74DD7-3298-4B91-87C6-BD371A39C88E}.Debug|Any CPU.ActiveCfg = Debug|Any CPU
		{C5C74DD7-3298-4B91-87C6-BD371A39C88E}.Debug|Any CPU.Build.0 = Debug|Any CPU
		{C5C74DD7-3298-4B91-87C6-BD371A39C88E}.Release|Any CPU.ActiveCfg = Release|Any CPU
		{C5C74DD7-3298-4B91-87C6-BD371A39C88E}.Release|Any CPU.Build.0 = Release|Any CPU
		{A6D6D6BC-C24E-4C7F-8782-C426AA20C258}.Debug|Any CPU.ActiveCfg = Debug|Any CPU
		{A6D6D6BC-C24E-4C7F-8782-C426AA20C258}.Debug|Any CPU.Build.0 = Debug|Any CPU
		{A6D6D6BC-C24E-4C7F-8782-C426AA20C258}.Release|Any CPU.ActiveCfg = Release|Any CPU
		{A6D6D6BC-C24E-4C7F-8782-C426AA20C258}.Release|Any CPU.Build.0 = Release|Any CPU
		{E13D89E0-36BB-4A56-ACCD-E2D8993D77E2}.Debug|Any CPU.ActiveCfg = Debug|Any CPU
		{E13D89E0-36BB-4A56-ACCD-E2D8993D77E2}.Debug|Any CPU.Build.0 = Debug|Any CPU
		{E13D89E0-36BB-4A56-ACCD-E2D8993D77E2}.Release|Any CPU.ActiveCfg = Release|Any CPU
		{E13D89E0-36BB-4A56-ACCD-E2D8993D77E2}.Release|Any CPU.Build.0 = Release|Any CPU
		{229AB804-E95E-414E-B3E9-279712AF9A03}.Debug|Any CPU.ActiveCfg = Debug|Any CPU
		{229AB804-E95E-414E-B3E9-279712AF9A03}.Debug|Any CPU.Build.0 = Debug|Any CPU
		{229AB804-E95E-414E-B3E9-279712AF9A03}.Release|Any CPU.ActiveCfg = Release|Any CPU
		{229AB804-E95E-414E-B3E9-279712AF9A03}.Release|Any CPU.Build.0 = Release|Any CPU
		{A47AB09E-0C11-48CF-A82C-DFDC6A50EEDF}.Debug|Any CPU.ActiveCfg = Debug|Any CPU
		{A47AB09E-0C11-48CF-A82C-DFDC6A50EEDF}.Debug|Any CPU.Build.0 = Debug|Any CPU
		{A47AB09E-0C11-48CF-A82C-DFDC6A50EEDF}.Release|Any CPU.ActiveCfg = Release|Any CPU
		{A47AB09E-0C11-48CF-A82C-DFDC6A50EEDF}.Release|Any CPU.Build.0 = Release|Any CPU
		{44B815F7-A102-427F-AD4D-0AD4CB1E75D3}.Debug|Any CPU.ActiveCfg = Debug|Any CPU
		{44B815F7-A102-427F-AD4D-0AD4CB1E75D3}.Debug|Any CPU.Build.0 = Debug|Any CPU
		{44B815F7-A102-427F-AD4D-0AD4CB1E75D3}.Release|Any CPU.ActiveCfg = Release|Any CPU
		{44B815F7-A102-427F-AD4D-0AD4CB1E75D3}.Release|Any CPU.Build.0 = Release|Any CPU
	EndGlobalSection
	GlobalSection(SolutionProperties) = preSolution
		HideSolutionNode = FALSE
	EndGlobalSection
	GlobalSection(NestedProjects) = preSolution
		{229AB804-E95E-414E-B3E9-279712AF9A03} = {B1AA77DE-36D3-42BA-97DB-3146959F4E09}
		{A47AB09E-0C11-48CF-A82C-DFDC6A50EEDF} = {B1AA77DE-36D3-42BA-97DB-3146959F4E09}
		{44B815F7-A102-427F-AD4D-0AD4CB1E75D3} = {B1AA77DE-36D3-42BA-97DB-3146959F4E09}
	EndGlobalSection
	GlobalSection(ExtensibilityGlobals) = postSolution
		SolutionGuid = {3E0B3CE4-48C5-4F0F-8E69-93617AF151EC}
	EndGlobalSection
EndGlobal
