
Microsoft Visual Studio Solution File, Format Version 12.00
# Visual Studio Version 16
VisualStudioVersion = 16.0.29424.173
MinimumVisualStudioVersion = 10.0.40219.1
Project("{2150E333-8FDC-42A3-9474-1A3956D46DE8}") = "Data", "Data", "{B1AA77DE-36D3-42BA-97DB-3146959F4E09}"
EndProject
Project("{2150E333-8FDC-42A3-9474-1A3956D46DE8}") = "Infra", "Infra", "{9B608C38-239B-4C3F-9EF0-97EDA13A48B6}"
EndProject
Project("{2150E333-8FDC-42A3-9474-1A3956D46DE8}") = "Application", "Application", "{D016468D-D949-45ED-AC07-278E6FF40336}"
EndProject
Project("{9A19103F-16F7-4668-BE54-9A1E7A4F7556}") = "NoDb.Data.Domain", "Data\NoDb.Data.Domain\NoDb.Data.Domain.csproj", "{C5C74DD7-3298-4B91-87C6-BD371A39C88E}"
EndProject
Project("{2150E333-8FDC-42A3-9474-1A3956D46DE8}") = "Business", "Business", "{03D10A11-1B41-4DDB-A3DA-9959AFB9201D}"
EndProject
Project("{9A19103F-16F7-4668-BE54-9A1E7A4F7556}") = "NoDb.Business.Service", "Business\NoDb.Business.Service\NoDb.Business.Service.csproj", "{A6D6D6BC-C24E-4C7F-8782-C426AA20C258}"
EndProject
Project("{9A19103F-16F7-4668-BE54-9A1E7A4F7556}") = "NoDb.Apps.UI", "Application\NoDb.Apps.UI\NoDb.Apps.UI.csproj", "{E13D89E0-36BB-4A56-ACCD-E2D8993D77E2}"
EndProject
Project("{9A19103F-16F7-4668-BE54-9A1E7A4F7556}") = "CoreCommon.Infra", "..\dotnet-core-common\CoreCommon.Infra\CoreCommon.Infra.csproj", "{58EFF6D5-92F6-4245-8F2D-A8FDFFB6083E}"
EndProject
Global
	GlobalSection(SolutionConfigurationPlatforms) = preSolution
		Debug|Any CPU = Debug|Any CPU
		Release|Any CPU = Release|Any CPU
	EndGlobalSection
	GlobalSection(ProjectConfigurationPlatforms) = postSolution
		{C5C74DD7-3298-4B91-87C6-BD371A39C88E}.Debug|Any CPU.ActiveCfg = Debug|Any CPU
		{C5C74DD7-3298-4B91-87C6-BD371A39C88E}.Debug|Any CPU.Build.0 = Debug|Any CPU
		{C5C74DD7-3298-4B91-87C6-BD371A39C88E}.Release|Any CPU.ActiveCfg = Release|Any CPU
		{C5C74DD7-3298-4B91-87C6-BD371A39C88E}.Release|Any CPU.Build.0 = Release|Any CPU
		{A6D6D6BC-C24E-4C7F-8782-C426AA20C258}.Debug|Any CPU.ActiveCfg = Debug|Any CPU
		{A6D6D6BC-C24E-4C7F-8782-C426AA20C258}.Debug|Any CPU.Build.0 = Debug|Any CPU
		{A6D6D6BC-C24E-4C7F-8782-C426AA20C258}.Release|Any CPU.ActiveCfg = Release|Any CPU
		{A6D6D6BC-C24E-4C7F-8782-C426AA20C258}.Release|Any CPU.Build.0 = Release|Any CPU
		{E13D89E0-36BB-4A56-ACCD-E2D8993D77E2}.Debug|Any CPU.ActiveCfg = Debug|Any CPU
		{E13D89E0-36BB-4A56-ACCD-E2D8993D77E2}.Debug|Any CPU.Build.0 = Debug|Any CPU
		{E13D89E0-36BB-4A56-ACCD-E2D8993D77E2}.Release|Any CPU.ActiveCfg = Release|Any CPU
		{E13D89E0-36BB-4A56-ACCD-E2D8993D77E2}.Release|Any CPU.Build.0 = Release|Any CPU
		{58EFF6D5-92F6-4245-8F2D-A8FDFFB6083E}.Debug|Any CPU.ActiveCfg = Debug|Any CPU
		{58EFF6D5-92F6-4245-8F2D-A8FDFFB6083E}.Debug|Any CPU.Build.0 = Debug|Any CPU
		{58EFF6D5-92F6-4245-8F2D-A8FDFFB6083E}.Release|Any CPU.ActiveCfg = Release|Any CPU
		{58EFF6D5-92F6-4245-8F2D-A8FDFFB6083E}.Release|Any CPU.Build.0 = Release|Any CPU
	EndGlobalSection
	GlobalSection(SolutionProperties) = preSolution
		HideSolutionNode = FALSE
	EndGlobalSection
	GlobalSection(NestedProjects) = preSolution
		{C5C74DD7-3298-4B91-87C6-BD371A39C88E} = {B1AA77DE-36D3-42BA-97DB-3146959F4E09}
		{A6D6D6BC-C24E-4C7F-8782-C426AA20C258} = {03D10A11-1B41-4DDB-A3DA-9959AFB9201D}
		{E13D89E0-36BB-4A56-ACCD-E2D8993D77E2} = {D016468D-D949-45ED-AC07-278E6FF40336}
		{58EFF6D5-92F6-4245-8F2D-A8FDFFB6083E} = {9B608C38-239B-4C3F-9EF0-97EDA13A48B6}
	EndGlobalSection
	GlobalSection(ExtensibilityGlobals) = postSolution
		SolutionGuid = {3E0B3CE4-48C5-4F0F-8E69-93617AF151EC}
	EndGlobalSection
EndGlobal
